
Microsoft Visual Studio Solution File, Format Version 12.00
# Visual Studio Version 16
VisualStudioVersion = 16.0.31005.135
MinimumVisualStudioVersion = 10.0.40219.1
Project("{FAE04EC0-301F-11D3-BF4B-00C04F79EFBC}") = "SnakeMobile.Android", "SnakeMobile\SnakeMobile.Android\SnakeMobile.Android.csproj", "{29098054-24F5-41A5-B2B6-4EC3CF39C8C8}"
EndProject
Project("{FAE04EC0-301F-11D3-BF4B-00C04F79EFBC}") = "SnakeMobile", "SnakeMobile\SnakeMobile\SnakeMobile.csproj", "{0ACE0A55-EDD6-4936-9518-57D6749EA14D}"
EndProject
Global
	GlobalSection(SolutionConfigurationPlatforms) = preSolution
		Debug|Any CPU = Debug|Any CPU
		Release|Any CPU = Release|Any CPU
	EndGlobalSection
	GlobalSection(ProjectConfigurationPlatforms) = postSolution
		{29098054-24F5-41A5-B2B6-4EC3CF39C8C8}.Debug|Any CPU.ActiveCfg = Debug|Any CPU
		{29098054-24F5-41A5-B2B6-4EC3CF39C8C8}.Debug|Any CPU.Build.0 = Debug|Any CPU
		{29098054-24F5-41A5-B2B6-4EC3CF39C8C8}.Debug|Any CPU.Deploy.0 = Debug|Any CPU
		{29098054-24F5-41A5-B2B6-4EC3CF39C8C8}.Release|Any CPU.ActiveCfg = Release|Any CPU
		{29098054-24F5-41A5-B2B6-4EC3CF39C8C8}.Release|Any CPU.Build.0 = Release|Any CPU
		{29098054-24F5-41A5-B2B6-4EC3CF39C8C8}.Release|Any CPU.Deploy.0 = Release|Any CPU
		{0ACE0A55-EDD6-4936-9518-57D6749EA14D}.Debug|Any CPU.ActiveCfg = Debug|Any CPU
		{0ACE0A55-EDD6-4936-9518-57D6749EA14D}.Debug|Any CPU.Build.0 = Debug|Any CPU
		{0ACE0A55-EDD6-4936-9518-57D6749EA14D}.Debug|Any CPU.Deploy.0 = Debug|Any CPU
		{0ACE0A55-EDD6-4936-9518-57D6749EA14D}.Release|Any CPU.ActiveCfg = Release|Any CPU
		{0ACE0A55-EDD6-4936-9518-57D6749EA14D}.Release|Any CPU.Build.0 = Release|Any CPU
		{0ACE0A55-EDD6-4936-9518-57D6749EA14D}.Release|Any CPU.Deploy.0 = Release|Any CPU
	EndGlobalSection
	GlobalSection(SolutionProperties) = preSolution
		HideSolutionNode = FALSE
	EndGlobalSection
	GlobalSection(ExtensibilityGlobals) = postSolution
		SolutionGuid = {F10638BC-87CB-48B4-9546-0E78D82EAF4D}
	EndGlobalSection
EndGlobal
